{
  "name": "maniac-duren",
  "lockfileVersion": 3,
  "requires": true,
  "packages": {
    "": {
      "name": "maniac-duren",
      "devDependencies": {
        "@electric-sql/pglite": "0.5.8",
        "playwright": "1.62.1"
      }
    },
    "../../../../../opt/codex/runtimes/codex-primary-runtime/dependencies/node/node_modules/playwright": {
      "version": "1.62.1",
      "dev": true,
      "license": "Apache-2.0",
      "dependencies": {
        "playwright-core": "1.62.1"
      },
      "bin": {
        "playwright": "cli.js"
      },
      "engines": {
        "node": ">=20"
      },
      "optionalDependencies": {
        "fsevents": "2.3.2"
      }
    },
    "../../../../../tmp/maniac-audit-tools/node_modules/@electric-sql/pglite": {
      "version": "0.5.8",
      "dev": true,
      "license": "Apache-2.0",
      "devDependencies": {
        "@arethetypeswrong/cli": "^0.18.1",
        "@electric-sql/pg-protocol": "0.0.4",
        "@electric-sql/pglite-utils": "0.0.4",
        "@types/emscripten": "^1.41.1",
        "@types/node": "^20.16.11",
        "@types/node-fetch": "^2.6.11",
        "async-mutex": "^0.4.1",
        "buffer": "^6.0.3",
        "bun": "^1.1.30",
        "concurrently": "^8.2.2",
        "http-server": "^14.1.1",
        "openpgp": "^6.3.0",
        "playwright": "^1.48.0",
        "tinytar": "^0.1.0",
        "vitest": "^2.1.2"
      }
    },
    "../../../../../tmp/maniac-audit-tools/node_modules/@sparticuz/chromium": {
      "version": "153.0.0",
      "extraneous": true,
      "license": "MIT",
      "dependencies": {
        "tar-fs": "^3.1.2"
      },
      "devDependencies": {
        "@sparticuz/eslint-config": "^11.5.0",
        "@tsconfig/node22": "^22.0.5",
        "@tsconfig/strictest": "^2.0.8",
        "@types/node": "^22.19.19",
        "@types/tar-fs": "^2.0.4",
        "@vitest/coverage-v8": "^4.1.7",
        "clean-modules": "^4.0.0",
        "eslint": "^10.4.0",
        "prettier": "^3.8.3",
        "puppeteer-core": "^25.0.4",
        "typescript": "^6.0.3",
        "typescript-eslint": "^8.60.0",
        "vitest": "^4.1.7"
      },
      "engines": {
        "node": "^22.17.0 || >=24.0.0"
      }
    },
    "../../../../../tmp/maniac-audit-tools/node_modules/b4a": {
      "version": "1.9.0",
      "extraneous": true,
      "license": "Apache-2.0",
      "devDependencies": {
        "brittle": "^3.5.2",
        "lunte": "^1.7.0",
        "nanobench": "^3.0.0",
        "prettier": "^3.6.2",
        "prettier-config-holepunch": "^2.0.0"
      },
      "peerDependencies": {
        "react-native-b4a": "*"
      },
      "peerDependenciesMeta": {
        "react-native-b4a": {
          "optional": true
        }
      }
    },
    "../../../../../tmp/maniac-audit-tools/node_modules/bare-events": {
      "version": "2.9.2",
      "extraneous": true,
      "license": "Apache-2.0",
      "devDependencies": {
        "bare-abort-controller": "^1.0.0",
        "brittle": "^3.3.2",
        "lunte": "^1.8.0",
        "prettier": "^3.4.2",
        "prettier-config-holepunch": "^2.0.0",
        "uncaughts": "^1.1.1"
      },
      "peerDependencies": {
        "bare-abort-controller": "*"
      },
      "peerDependenciesMeta": {
        "bare-abort-controller": {
          "optional": true
        }
      }
    },
    "../../../../../tmp/maniac-audit-tools/node_modules/bare-fs": {
      "version": "4.8.2",
      "extraneous": true,
      "license": "Apache-2.0",
      "dependencies": {
        "bare-events": "^2.5.4",
        "bare-path": "^3.0.0",
        "bare-stream": "^2.6.4",
        "bare-url": "^2.2.2",
        "fast-fifo": "^1.3.2"
      },
      "devDependencies": {
        "bare-buffer": "^3.0.2",
        "bare-crypto": "^1.11.2",
        "bare-thread": "^1.2.6",
        "brittle": "^3.1.1",
        "cmake-bare": "^1.1.7",
        "lunte": "^1.6.0",
        "prettier": "^3.4.1",
        "prettier-config-holepunch": "^2.0.0"
      },
      "engines": {
        "bare": ">=1.28.0"
      },
      "peerDependencies": {
        "bare-buffer": "*"
      },
      "peerDependenciesMeta": {
        "bare-buffer": {
          "optional": true
        }
      }
    },
    "../../../../../tmp/maniac-audit-tools/node_modules/bare-path": {
      "version": "3.1.2",
      "extraneous": true,
      "license": "Apache-2.0",
      "devDependencies": {
        "brittle": "^3.3.2",
        "cmake-bare": "^1.1.6",
        "lunte": "^1.8.0",
        "prettier": "^3.6.2",
        "prettier-config-holepunch": "^2.0.0"
      }
    },
    "../../../../../tmp/maniac-audit-tools/node_modules/bare-stream": {
      "version": "2.13.4",
      "extraneous": true,
      "license": "Apache-2.0",
      "dependencies": {
        "b4a": "^1.8.1",
        "streamx": "^2.25.0",
        "teex": "^1.0.1"
      },
      "devDependencies": {
        "bare-abort-controller": "^1.1.0",
        "bare-buffer": "^3.0.0",
        "bare-events": "^2.5.4",
        "brittle": "^3.5.2",
        "lunte": "^1.6.0",
        "prettier": "^3.3.3",
        "prettier-config-holepunch": "^2.0.0"
      },
      "peerDependencies": {
        "bare-abort-controller": "*",
        "bare-buffer": "*",
        "bare-events": "*"
      },
      "peerDependenciesMeta": {
        "bare-abort-controller": {
          "optional": true
        },
        "bare-buffer": {
          "optional": true
        },
        "bare-events": {
          "optional": true
        }
      }
    },
    "../../../../../tmp/maniac-audit-tools/node_modules/bare-url": {
      "version": "2.5.4",
      "extraneous": true,
      "license": "Apache-2.0",
      "dependencies": {
        "bare-path": "^3.0.0"
      },
      "devDependencies": {
        "brittle": "^3.3.2",
        "cmake-bare": "^1.8.1",
        "cmake-fetch": "^1.0.0",
        "lunte": "^1.6.0",
        "prettier": "^3.3.3",
        "prettier-config-holepunch": "^2.0.0"
      }
    },
    "../../../../../tmp/maniac-audit-tools/node_modules/end-of-stream": {
      "version": "1.4.5",
      "extraneous": true,
      "license": "MIT",
      "dependencies": {
        "once": "^1.4.0"
      },
      "devDependencies": {
        "tape": "^4.11.0"
      }
    },
    "../../../../../tmp/maniac-audit-tools/node_modules/events-universal": {
      "version": "1.0.1",
      "extraneous": true,
      "license": "Apache-2.0",
      "dependencies": {
        "bare-events": "^2.7.0"
      },
      "devDependencies": {
        "prettier": "^3.4.2",
        "prettier-config-holepunch": "^1.0.0"
      }
    },
    "../../../../../tmp/maniac-audit-tools/node_modules/fast-fifo": {
      "version": "1.3.2",
      "extraneous": true,
      "license": "MIT",
      "devDependencies": {
        "brittle": "^3.3.2",
        "standard": "^17.1.0"
      }
    },
    "../../../../../tmp/maniac-audit-tools/node_modules/once": {
      "version": "1.4.0",
      "extraneous": true,
      "license": "ISC",
      "dependencies": {
        "wrappy": "1"
      },
      "devDependencies": {
        "tap": "^7.0.1"
      }
    },
    "../../../../../tmp/maniac-audit-tools/node_modules/prettier": {
      "version": "3.9.9",
      "extraneous": true,
      "license": "MIT",
      "bin": {
        "prettier": "bin/prettier.cjs"
      },
      "engines": {
        "node": ">=14"
      },
      "funding": {
        "url": "https://github.com/prettier/prettier?sponsor=1"
      }
    },
    "../../../../../tmp/maniac-audit-tools/node_modules/pump": {
      "version": "3.0.4",
      "extraneous": true,
      "license": "MIT",
      "dependencies": {
        "end-of-stream": "^1.1.0",
        "once": "^1.3.1"
      }
    },
    "../../../../../tmp/maniac-audit-tools/node_modules/streamx": {
      "version": "2.28.1",
      "extraneous": true,
      "license": "MIT",
      "dependencies": {
        "events-universal": "^1.0.0",
        "fast-fifo": "^1.3.2",
        "text-decoder": "^1.1.0"
      },
      "devDependencies": {
        "b4a": "^1.6.6",
        "brittle": "^3.1.1",
        "end-of-stream": "^1.4.4",
        "lunte": "^1.8.0",
        "prettier": "^3.6.2",
        "prettier-config-holepunch": "^2.0.0"
      }
    },
    "../../../../../tmp/maniac-audit-tools/node_modules/tar-fs": {
      "version": "3.1.3",
      "extraneous": true,
      "license": "MIT",
      "dependencies": {
        "pump": "^3.0.0",
        "tar-stream": "^3.1.5"
      },
      "devDependencies": {
        "brittle": "^3.1.3",
        "rimraf": "^2.6.3",
        "standard": "^17.0.1"
      },
      "optionalDependencies": {
        "bare-fs": "^4.0.1",
        "bare-path": "^3.0.0"
      }
    },
    "../../../../../tmp/maniac-audit-tools/node_modules/tar-stream": {
      "version": "3.2.2",
      "extraneous": true,
      "license": "MIT",
      "dependencies": {
        "b4a": "^1.9.0",
        "bare-fs": "^4.8.2",
        "fast-fifo": "^1.3.2",
        "streamx": "^2.28.1"
      },
      "devDependencies": {
        "brittle": "^4.3.0",
        "concat-stream": "^2.0.0",
        "standard": "^17.0.1"
      }
    },
    "../../../../../tmp/maniac-audit-tools/node_modules/teex": {
      "version": "1.0.1",
      "extraneous": true,
      "license": "MIT",
      "dependencies": {
        "streamx": "^2.12.5"
      },
      "devDependencies": {
        "standard": "^14.3.4",
        "tape": "^5.0.1"
      }
    },
    "../../../../../tmp/maniac-audit-tools/node_modules/text-decoder": {
      "version": "1.2.7",
      "extraneous": true,
      "license": "Apache-2.0",
      "dependencies": {
        "b4a": "^1.6.4"
      },
      "devDependencies": {
        "brittle": "^3.3.2",
        "lunte": "^1.3.0",
        "prettier": "^3.6.2",
        "prettier-config-holepunch": "^1.0.0"
      }
    },
    "../../../../../tmp/maniac-audit-tools/node_modules/wrappy": {
      "version": "1.0.2",
      "extraneous": true,
      "license": "ISC",
      "devDependencies": {
        "tap": "^2.3.1"
      }
    },
    "node_modules/@electric-sql/pglite": {
      "resolved": "../../../../../tmp/maniac-audit-tools/node_modules/@electric-sql/pglite",
      "link": true
    },
    "node_modules/playwright": {
      "resolved": "../../../../../opt/codex/runtimes/codex-primary-runtime/dependencies/node/node_modules/playwright",
      "link": true
    }
  }
}
